// !$*UTF8*$!
{
	archiveVersion = 1;
	classes = {
	};
	objectVersion = 56;
	objects = {

/* Begin PBXBuildFile section */
		4989DDE421F56C7AC37A85ED /* awsconfiguration.json in Resources */ = {isa = PBXBuildFile; fileRef = FC37E5EADB1509B0750F39D1 /* awsconfiguration.json */; };
		4DA261AC297DC268003C14A0 /* MyAmplifyAppApp.swift in Sources */ = {isa = PBXBuildFile; fileRef = 4DA261AB297DC268003C14A0 /* MyAmplifyAppApp.swift */; };
		4DA261AE297DC268003C14A0 /* ContentView.swift in Sources */ = {isa = PBXBuildFile; fileRef = 4DA261AD297DC268003C14A0 /* ContentView.swift */; };
		4DA261B0297DC269003C14A0 /* Assets.xcassets in Resources */ = {isa = PBXBuildFile; fileRef = 4DA261AF297DC269003C14A0 /* Assets.xcassets */; };
		4DA261B3297DC269003C14A0 /* Preview Assets.xcassets in Resources */ = {isa = PBXBuildFile; fileRef = 4DA261B2297DC269003C14A0 /* Preview Assets.xcassets */; };
		4DA261BB297DC2D2003C14A0 /* AWSAPIPlugin in Frameworks */ = {isa = PBXBuildFile; productRef = 4DA261BA297DC2D2003C14A0 /* AWSAPIPlugin */; };
		4DA261BD297DC2D2003C14A0 /* AWSCognitoAuthPlugin in Frameworks */ = {isa = PBXBuildFile; productRef = 4DA261BC297DC2D2003C14A0 /* AWSCognitoAuthPlugin */; };
		4DA261BF297DC2D2003C14A0 /* AWSDataStorePlugin in Frameworks */ = {isa = PBXBuildFile; productRef = 4DA261BE297DC2D2003C14A0 /* AWSDataStorePlugin */; };
		4DA261C1297DC2D2003C14A0 /* AWSLocationGeoPlugin in Frameworks */ = {isa = PBXBuildFile; productRef = 4DA261C0297DC2D2003C14A0 /* AWSLocationGeoPlugin */; };
		4DA261C3297DC2D2003C14A0 /* AWSPinpointAnalyticsPlugin in Frameworks */ = {isa = PBXBuildFile; productRef = 4DA261C2297DC2D2003C14A0 /* AWSPinpointAnalyticsPlugin */; };
		4DA261C5297DC2D2003C14A0 /* AWSPluginsCore in Frameworks */ = {isa = PBXBuildFile; productRef = 4DA261C4297DC2D2003C14A0 /* AWSPluginsCore */; };
		4DA261C7297DC2D2003C14A0 /* AWSS3StoragePlugin in Frameworks */ = {isa = PBXBuildFile; productRef = 4DA261C6297DC2D2003C14A0 /* AWSS3StoragePlugin */; };
		4DA261C9297DC2D2003C14A0 /* Amplify in Frameworks */ = {isa = PBXBuildFile; productRef = 4DA261C8297DC2D2003C14A0 /* Amplify */; };
		5A4FCDB558061CA7A37B9D2A /* amplifyconfiguration.json in Resources */ = {isa = PBXBuildFile; fileRef = 50B98813260A5C7896822AB0 /* amplifyconfiguration.json */; };
/* End PBXBuildFile section */

/* Begin PBXFileReference section */
		4DA261A8297DC268003C14A0 /* MyAmplifyApp.app */ = {isa = PBXFileReference; explicitFileType = wrapper.application; includeInIndex = 0; path = MyAmplifyApp.app; sourceTree = BUILT_PRODUCTS_DIR; };
		4DA261AB297DC268003C14A0 /* MyAmplifyAppApp.swift */ = {isa = PBXFileReference; lastKnownFileType = sourcecode.swift; path = MyAmplifyAppApp.swift; sourceTree = "<group>"; };
		4DA261AD297DC268003C14A0 /* ContentView.swift */ = {isa = PBXFileReference; lastKnownFileType = sourcecode.swift; path = ContentView.swift; sourceTree = "<group>"; };
		4DA261AF297DC269003C14A0 /* Assets.xcassets */ = {isa = PBXFileReference; lastKnownFileType = folder.assetcatalog; path = Assets.xcassets; sourceTree = "<group>"; };
		4DA261B2297DC269003C14A0 /* Preview Assets.xcassets */ = {isa = PBXFileReference; lastKnownFileType = folder.assetcatalog; path = "Preview Assets.xcassets"; sourceTree = "<group>"; };
		4DA261CA297DD428003C14A0 /* MyAmplifyApp.entitlements */ = {isa = PBXFileReference; lastKnownFileType = text.plist.entitlements; path = MyAmplifyApp.entitlements; sourceTree = "<group>"; };
		50B98813260A5C7896822AB0 /* amplifyconfiguration.json */ = {isa = PBXFileReference; explicitFileType = text.json; path = amplifyconfiguration.json; sourceTree = "<group>"; };
		FC37E5EADB1509B0750F39D1 /* awsconfiguration.json */ = {isa = PBXFileReference; explicitFileType = text.json; path = awsconfiguration.json; sourceTree = "<group>"; };
/* End PBXFileReference section */

/* Begin PBXFrameworksBuildPhase section */
		4DA261A5297DC268003C14A0 /* Frameworks */ = {
			isa = PBXFrameworksBuildPhase;
			buildActionMask = 2147483647;
			files = (
				4DA261BF297DC2D2003C14A0 /* AWSDataStorePlugin in Frameworks */,
				4DA261C9297DC2D2003C14A0 /* Amplify in Frameworks */,
				4DA261BB297DC2D2003C14A0 /* AWSAPIPlugin in Frameworks */,
				4DA261C5297DC2D2003C14A0 /* AWSPluginsCore in Frameworks */,
				4DA261C7297DC2D2003C14A0 /* AWSS3StoragePlugin in Frameworks */,
				4DA261C3297DC2D2003C14A0 /* AWSPinpointAnalyticsPlugin in Frameworks */,
				4DA261C1297DC2D2003C14A0 /* AWSLocationGeoPlugin in Frameworks */,
				4DA261BD297DC2D2003C14A0 /* AWSCognitoAuthPlugin in Frameworks */,
			);
			runOnlyForDeploymentPostprocessing = 0;
		};
/* End PBXFrameworksBuildPhase section */

/* Begin PBXGroup section */
		4DA2619F297DC268003C14A0 = {
			isa = PBXGroup;
			children = (
				4DA261AA297DC268003C14A0 /* MyAmplifyApp */,
				4DA261A9297DC268003C14A0 /* Products */,
				E4AB4B612BABDF42DE9A1972 /* AmplifyConfig */,
			);
			sourceTree = "<group>";
		};
		4DA261A9297DC268003C14A0 /* Products */ = {
			isa = PBXGroup;
			children = (
				4DA261A8297DC268003C14A0 /* MyAmplifyApp.app */,
			);
			name = Products;
			sourceTree = "<group>";
		};
		4DA261AA297DC268003C14A0 /* MyAmplifyApp */ = {
			isa = PBXGroup;
			children = (
				4DA261CA297DD428003C14A0 /* MyAmplifyApp.entitlements */,
				4DA261AB297DC268003C14A0 /* MyAmplifyAppApp.swift */,
				4DA261AD297DC268003C14A0 /* ContentView.swift */,
				4DA261AF297DC269003C14A0 /* Assets.xcassets */,
				4DA261B1297DC269003C14A0 /* Preview Content */,
			);
			path = MyAmplifyApp;
			sourceTree = "<group>";
		};
		4DA261B1297DC269003C14A0 /* Preview Content */ = {
			isa = PBXGroup;
			children = (
				4DA261B2297DC269003C14A0 /* Preview Assets.xcassets */,
			);
			path = "Preview Content";
			sourceTree = "<group>";
		};
		E4AB4B612BABDF42DE9A1972 /* AmplifyConfig */ = {
			isa = PBXGroup;
			children = (
				FC37E5EADB1509B0750F39D1 /* awsconfiguration.json */,
				50B98813260A5C7896822AB0 /* amplifyconfiguration.json */,
			);
			name = AmplifyConfig;
			sourceTree = "<group>";
		};
/* End PBXGroup section */

/* Begin PBXNativeTarget section */
		4DA261A7297DC268003C14A0 /* MyAmplifyApp */ = {
			isa = PBXNativeTarget;
			buildConfigurationList = 4DA261B6297DC269003C14A0 /* Build configuration list for PBXNativeTarget "MyAmplifyApp" */;
			buildPhases = (
				4DA261A4297DC268003C14A0 /* Sources */,
				4DA261A5297DC268003C14A0 /* Frameworks */,
				4DA261A6297DC268003C14A0 /* Resources */,
			);
			buildRules = (
			);
			dependencies = (
			);
			name = MyAmplifyApp;
			packageProductDependencies = (
				4DA261BA297DC2D2003C14A0 /* AWSAPIPlugin */,
				4DA261BC297DC2D2003C14A0 /* AWSCognitoAuthPlugin */,
				4DA261BE297DC2D2003C14A0 /* AWSDataStorePlugin */,
				4DA261C0297DC2D2003C14A0 /* AWSLocationGeoPlugin */,
				4DA261C2297DC2D2003C14A0 /* AWSPinpointAnalyticsPlugin */,
				4DA261C4297DC2D2003C14A0 /* AWSPluginsCore */,
				4DA261C6297DC2D2003C14A0 /* AWSS3StoragePlugin */,
				4DA261C8297DC2D2003C14A0 /* Amplify */,
			);
			productName = MyAmplifyApp;
			productReference = 4DA261A8297DC268003C14A0 /* MyAmplifyApp.app */;
			productType = "com.apple.product-type.application";
		};
/* End PBXNativeTarget section */

/* Begin PBXProject section */
		4DA261A0297DC268003C14A0 /* Project object */ = {
			isa = PBXProject;
			attributes = {
				BuildIndependentTargetsInParallel = 1;
				LastSwiftUpdateCheck = 1420;
				LastUpgradeCheck = 1420;
				TargetAttributes = {
					4DA261A7297DC268003C14A0 = {
						CreatedOnToolsVersion = 14.2;
					};
				};
			};
			buildConfigurationList = 4DA261A3297DC268003C14A0 /* Build configuration list for PBXProject "MyAmplifyApp" */;
			compatibilityVersion = "Xcode 14.0";
			developmentRegion = en;
			hasScannedForEncodings = 0;
			knownRegions = (
				en,
				Base,
			);
			mainGroup = 4DA2619F297DC268003C14A0;
			packageReferences = (
				4DA261B9297DC2D2003C14A0 /* XCRemoteSwiftPackageReference "amplify-swift" */,
			);
			productRefGroup = 4DA261A9297DC268003C14A0 /* Products */;
			projectDirPath = "";
			projectRoot = "";
			targets = (
				4DA261A7297DC268003C14A0 /* MyAmplifyApp */,
			);
		};
/* End PBXProject section */

/* Begin PBXResourcesBuildPhase section */
		4DA261A6297DC268003C14A0 /* Resources */ = {
			isa = PBXResourcesBuildPhase;
			buildActionMask = 2147483647;
			files = (
				4DA261B3297DC269003C14A0 /* Preview Assets.xcassets in Resources */,
				4DA261B0297DC269003C14A0 /* Assets.xcassets in Resources */,
				4989DDE421F56C7AC37A85ED /* awsconfiguration.json in Resources */,
				5A4FCDB558061CA7A37B9D2A /* amplifyconfiguration.json in Resources */,
			);
			runOnlyForDeploymentPostprocessing = 0;
		};
/* End PBXResourcesBuildPhase section */

/* Begin PBXSourcesBuildPhase section */
		4DA261A4297DC268003C14A0 /* Sources */ = {
			isa = PBXSourcesBuildPhase;
			buildActionMask = 2147483647;
			files = (
				4DA261AE297DC268003C14A0 /* ContentView.swift in Sources */,
				4DA261AC297DC268003C14A0 /* MyAmplifyAppApp.swift in Sources */,
			);
			runOnlyForDeploymentPostprocessing = 0;
		};
/* End PBXSourcesBuildPhase section */

/* Begin XCBuildConfiguration section */
		4DA261B4297DC269003C14A0 /* Debug */ = {
			isa = XCBuildConfiguration;
			buildSettings = {
				ALWAYS_SEARCH_USER_PATHS = NO;
				CLANG_ANALYZER_NONNULL = YES;
				CLANG_ANALYZER_NUMBER_OBJECT_CONVERSION = YES_AGGRESSIVE;
				CLANG_CXX_LANGUAGE_STANDARD = "gnu++20";
				CLANG_ENABLE_MODULES = YES;
				CLANG_ENABLE_OBJC_ARC = YES;
				CLANG_ENABLE_OBJC_WEAK = YES;
				CLANG_WARN_BLOCK_CAPTURE_AUTORELEASING = YES;
				CLANG_WARN_BOOL_CONVERSION = YES;
				CLANG_WARN_COMMA = YES;
				CLANG_WARN_CONSTANT_CONVERSION = YES;
				CLANG_WARN_DEPRECATED_OBJC_IMPLEMENTATIONS = YES;
				CLANG_WARN_DIRECT_OBJC_ISA_USAGE = YES_ERROR;
				CLANG_WARN_DOCUMENTATION_COMMENTS = YES;
				CLANG_WARN_EMPTY_BODY = YES;
				CLANG_WARN_ENUM_CONVERSION = YES;
				CLANG_WARN_INFINITE_RECURSION = YES;
				CLANG_WARN_INT_CONVERSION = YES;
				CLANG_WARN_NON_LITERAL_NULL_CONVERSION = YES;
				CLANG_WARN_OBJC_IMPLICIT_RETAIN_SELF = YES;
				CLANG_WARN_OBJC_LITERAL_CONVERSION = YES;
				CLANG_WARN_OBJC_ROOT_CLASS = YES_ERROR;
				CLANG_WARN_QUOTED_INCLUDE_IN_FRAMEWORK_HEADER = YES;
				CLANG_WARN_RANGE_LOOP_ANALYSIS = YES;
				CLANG_WARN_STRICT_PROTOTYPES = YES;
				CLANG_WARN_SUSPICIOUS_MOVE = YES;
				CLANG_WARN_UNGUARDED_AVAILABILITY = YES_AGGRESSIVE;
				CLANG_WARN_UNREACHABLE_CODE = YES;
				CLANG_WARN__DUPLICATE_METHOD_MATCH = YES;
				COPY_PHASE_STRIP = NO;
				DEBUG_INFORMATION_FORMAT = dwarf;
				ENABLE_STRICT_OBJC_MSGSEND = YES;
				ENABLE_TESTABILITY = YES;
				GCC_C_LANGUAGE_STANDARD = gnu11;
				GCC_DYNAMIC_NO_PIC = NO;
				GCC_NO_COMMON_BLOCKS = YES;
				GCC_OPTIMIZATION_LEVEL = 0;
				GCC_PREPROCESSOR_DEFINITIONS = (
					"DEBUG=1",
					"$(inherited)",
				);
				GCC_WARN_64_TO_32_BIT_CONVERSION = YES;
				GCC_WARN_ABOUT_RETURN_TYPE = YES_ERROR;
				GCC_WARN_UNDECLARED_SELECTOR = YES;
				GCC_WARN_UNINITIALIZED_AUTOS = YES_AGGRESSIVE;
				GCC_WARN_UNUSED_FUNCTION = YES;
				GCC_WARN_UNUSED_VARIABLE = YES;
				IPHONEOS_DEPLOYMENT_TARGET = 16.2;
				MTL_ENABLE_DEBUG_INFO = INCLUDE_SOURCE;
				MTL_FAST_MATH = YES;
				ONLY_ACTIVE_ARCH = YES;
				SDKROOT = iphoneos;
				SWIFT_ACTIVE_COMPILATION_CONDITIONS = DEBUG;
				SWIFT_OPTIMIZATION_LEVEL = "-Onone";
			};
			name = Debug;
		};
		4DA261B5297DC269003C14A0 /* Release */ = {
			isa = XCBuildConfiguration;
			buildSettings = {
				ALWAYS_SEARCH_USER_PATHS = NO;
				CLANG_ANALYZER_NONNULL = YES;
				CLANG_ANALYZER_NUMBER_OBJECT_CONVERSION = YES_AGGRESSIVE;
				CLANG_CXX_LANGUAGE_STANDARD = "gnu++20";
				CLANG_ENABLE_MODULES = YES;
				CLANG_ENABLE_OBJC_ARC = YES;
				CLANG_ENABLE_OBJC_WEAK = YES;
				CLANG_WARN_BLOCK_CAPTURE_AUTORELEASING = YES;
				CLANG_WARN_BOOL_CONVERSION = YES;
				CLANG_WARN_COMMA = YES;
				CLANG_WARN_CONSTANT_CONVERSION = YES;
				CLANG_WARN_DEPRECATED_OBJC_IMPLEMENTATIONS = YES;
				CLANG_WARN_DIRECT_OBJC_ISA_USAGE = YES_ERROR;
				CLANG_WARN_DOCUMENTATION_COMMENTS = YES;
				CLANG_WARN_EMPTY_BODY = YES;
				CLANG_WARN_ENUM_CONVERSION = YES;
				CLANG_WARN_INFINITE_RECURSION = YES;
				CLANG_WARN_INT_CONVERSION = YES;
				CLANG_WARN_NON_LITERAL_NULL_CONVERSION = YES;
				CLANG_WARN_OBJC_IMPLICIT_RETAIN_SELF = YES;
				CLANG_WARN_OBJC_LITERAL_CONVERSION = YES;
				CLANG_WARN_OBJC_ROOT_CLASS = YES_ERROR;
				CLANG_WARN_QUOTED_INCLUDE_IN_FRAMEWORK_HEADER = YES;
				CLANG_WARN_RANGE_LOOP_ANALYSIS = YES;
				CLANG_WARN_STRICT_PROTOTYPES = YES;
				CLANG_WARN_SUSPICIOUS_MOVE = YES;
				CLANG_WARN_UNGUARDED_AVAILABILITY = YES_AGGRESSIVE;
				CLANG_WARN_UNREACHABLE_CODE = YES;
				CLANG_WARN__DUPLICATE_METHOD_MATCH = YES;
				COPY_PHASE_STRIP = NO;
				DEBUG_INFORMATION_FORMAT = "dwarf-with-dsym";
				ENABLE_NS_ASSERTIONS = NO;
				ENABLE_STRICT_OBJC_MSGSEND = YES;
				GCC_C_LANGUAGE_STANDARD = gnu11;
				GCC_NO_COMMON_BLOCKS = YES;
				GCC_WARN_64_TO_32_BIT_CONVERSION = YES;
				GCC_WARN_ABOUT_RETURN_TYPE = YES_ERROR;
				GCC_WARN_UNDECLARED_SELECTOR = YES;
				GCC_WARN_UNINITIALIZED_AUTOS = YES_AGGRESSIVE;
				GCC_WARN_UNUSED_FUNCTION = YES;
				GCC_WARN_UNUSED_VARIABLE = YES;
				IPHONEOS_DEPLOYMENT_TARGET = 16.2;
				MTL_ENABLE_DEBUG_INFO = NO;
				MTL_FAST_MATH = YES;
				SDKROOT = iphoneos;
				SWIFT_COMPILATION_MODE = wholemodule;
				SWIFT_OPTIMIZATION_LEVEL = "-O";
				VALIDATE_PRODUCT = YES;
			};
			name = Release;
		};
		4DA261B7297DC269003C14A0 /* Debug */ = {
			isa = XCBuildConfiguration;
			buildSettings = {
				ASSETCATALOG_COMPILER_APPICON_NAME = AppIcon;
				ASSETCATALOG_COMPILER_GLOBAL_ACCENT_COLOR_NAME = AccentColor;
				CODE_SIGN_ENTITLEMENTS = MyAmplifyApp/MyAmplifyApp.entitlements;
				CODE_SIGN_STYLE = Automatic;
				CURRENT_PROJECT_VERSION = 1;
				DEVELOPMENT_ASSET_PATHS = "\"MyAmplifyApp/Preview Content\"";
				DEVELOPMENT_TEAM = WC2F6L43GJ;
				ENABLE_PREVIEWS = YES;
				GENERATE_INFOPLIST_FILE = YES;
				INFOPLIST_KEY_UIApplicationSceneManifest_Generation = YES;
				INFOPLIST_KEY_UIApplicationSupportsIndirectInputEvents = YES;
				INFOPLIST_KEY_UILaunchScreen_Generation = YES;
				INFOPLIST_KEY_UISupportedInterfaceOrientations_iPad = "UIInterfaceOrientationPortrait UIInterfaceOrientationPortraitUpsideDown UIInterfaceOrientationLandscapeLeft UIInterfaceOrientationLandscapeRight";
				INFOPLIST_KEY_UISupportedInterfaceOrientations_iPhone = "UIInterfaceOrientationPortrait UIInterfaceOrientationLandscapeLeft UIInterfaceOrientationLandscapeRight";
				LD_RUNPATH_SEARCH_PATHS = (
					"$(inherited)",
					"@executable_path/Frameworks",
				);
				MARKETING_VERSION = 1.0;
				PRODUCT_BUNDLE_IDENTIFIER = "MK-Private.MyAmplifyApp";
				PRODUCT_NAME = "$(TARGET_NAME)";
				SWIFT_EMIT_LOC_STRINGS = YES;
				SWIFT_VERSION = 5.0;
				TARGETED_DEVICE_FAMILY = "1,2";
			};
			name = Debug;
		};
		4DA261B8297DC269003C14A0 /* Release */ = {
			isa = XCBuildConfiguration;
			buildSettings = {
				ASSETCATALOG_COMPILER_APPICON_NAME = AppIcon;
				ASSETCATALOG_COMPILER_GLOBAL_ACCENT_COLOR_NAME = AccentColor;
				CODE_SIGN_ENTITLEMENTS = MyAmplifyApp/MyAmplifyApp.entitlements;
				CODE_SIGN_STYLE = Automatic;
				CURRENT_PROJECT_VERSION = 1;
				DEVELOPMENT_ASSET_PATHS = "\"MyAmplifyApp/Preview Content\"";
				DEVELOPMENT_TEAM = WC2F6L43GJ;
				ENABLE_PREVIEWS = YES;
				GENERATE_INFOPLIST_FILE = YES;
				INFOPLIST_KEY_UIApplicationSceneManifest_Generation = YES;
				INFOPLIST_KEY_UIApplicationSupportsIndirectInputEvents = YES;
				INFOPLIST_KEY_UILaunchScreen_Generation = YES;
				INFOPLIST_KEY_UISupportedInterfaceOrientations_iPad = "UIInterfaceOrientationPortrait UIInterfaceOrientationPortraitUpsideDown UIInterfaceOrientationLandscapeLeft UIInterfaceOrientationLandscapeRight";
				INFOPLIST_KEY_UISupportedInterfaceOrientations_iPhone = "UIInterfaceOrientationPortrait UIInterfaceOrientationLandscapeLeft UIInterfaceOrientationLandscapeRight";
				LD_RUNPATH_SEARCH_PATHS = (
					"$(inherited)",
					"@executable_path/Frameworks",
				);
				MARKETING_VERSION = 1.0;
				PRODUCT_BUNDLE_IDENTIFIER = "MK-Private.MyAmplifyApp";
				PRODUCT_NAME = "$(TARGET_NAME)";
				SWIFT_EMIT_LOC_STRINGS = YES;
				SWIFT_VERSION = 5.0;
				TARGETED_DEVICE_FAMILY = "1,2";
			};
			name = Release;
		};
/* End XCBuildConfiguration section */

/* Begin XCConfigurationList section */
		4DA261A3297DC268003C14A0 /* Build configuration list for PBXProject "MyAmplifyApp" */ = {
			isa = XCConfigurationList;
			buildConfigurations = (
				4DA261B4297DC269003C14A0 /* Debug */,
				4DA261B5297DC269003C14A0 /* Release */,
			);
			defaultConfigurationIsVisible = 0;
			defaultConfigurationName = Release;
		};
		4DA261B6297DC269003C14A0 /* Build configuration list for PBXNativeTarget "MyAmplifyApp" */ = {
			isa = XCConfigurationList;
			buildConfigurations = (
				4DA261B7297DC269003C14A0 /* Debug */,
				4DA261B8297DC269003C14A0 /* Release */,
			);
			defaultConfigurationIsVisible = 0;
			defaultConfigurationName = Release;
		};
/* End XCConfigurationList section */

/* Begin XCRemoteSwiftPackageReference section */
		4DA261B9297DC2D2003C14A0 /* XCRemoteSwiftPackageReference "amplify-swift" */ = {
			isa = XCRemoteSwiftPackageReference;
			repositoryURL = "https://github.com/aws-amplify/amplify-swift";
			requirement = {
				kind = upToNextMajorVersion;
				minimumVersion = 2.0.0;
			};
		};
/* End XCRemoteSwiftPackageReference section */

/* Begin XCSwiftPackageProductDependency section */
		4DA261BA297DC2D2003C14A0 /* AWSAPIPlugin */ = {
			isa = XCSwiftPackageProductDependency;
			package = 4DA261B9297DC2D2003C14A0 /* XCRemoteSwiftPackageReference "amplify-swift" */;
			productName = AWSAPIPlugin;
		};
		4DA261BC297DC2D2003C14A0 /* AWSCognitoAuthPlugin */ = {
			isa = XCSwiftPackageProductDependency;
			package = 4DA261B9297DC2D2003C14A0 /* XCRemoteSwiftPackageReference "amplify-swift" */;
			productName = AWSCognitoAuthPlugin;
		};
		4DA261BE297DC2D2003C14A0 /* AWSDataStorePlugin */ = {
			isa = XCSwiftPackageProductDependency;
			package = 4DA261B9297DC2D2003C14A0 /* XCRemoteSwiftPackageReference "amplify-swift" */;
			productName = AWSDataStorePlugin;
		};
		4DA261C0297DC2D2003C14A0 /* AWSLocationGeoPlugin */ = {
			isa = XCSwiftPackageProductDependency;
			package = 4DA261B9297DC2D2003C14A0 /* XCRemoteSwiftPackageReference "amplify-swift" */;
			productName = AWSLocationGeoPlugin;
		};
		4DA261C2297DC2D2003C14A0 /* AWSPinpointAnalyticsPlugin */ = {
			isa = XCSwiftPackageProductDependency;
			package = 4DA261B9297DC2D2003C14A0 /* XCRemoteSwiftPackageReference "amplify-swift" */;
			productName = AWSPinpointAnalyticsPlugin;
		};
		4DA261C4297DC2D2003C14A0 /* AWSPluginsCore */ = {
			isa = XCSwiftPackageProductDependency;
			package = 4DA261B9297DC2D2003C14A0 /* XCRemoteSwiftPackageReference "amplify-swift" */;
			productName = AWSPluginsCore;
		};
		4DA261C6297DC2D2003C14A0 /* AWSS3StoragePlugin */ = {
			isa = XCSwiftPackageProductDependency;
			package = 4DA261B9297DC2D2003C14A0 /* XCRemoteSwiftPackageReference "amplify-swift" */;
			productName = AWSS3StoragePlugin;
		};
		4DA261C8297DC2D2003C14A0 /* Amplify */ = {
			isa = XCSwiftPackageProductDependency;
			package = 4DA261B9297DC2D2003C14A0 /* XCRemoteSwiftPackageReference "amplify-swift" */;
			productName = Amplify;
		};
/* End XCSwiftPackageProductDependency section */
	};
	rootObject = 4DA261A0297DC268003C14A0 /* Project object */;
}
